{
  "name": "pixel-bay-ruby-wasm-experiment",
  "lockfileVersion": 3,
  "requires": true,
  "packages": {
    "": {
      "name": "pixel-bay-ruby-wasm-experiment",
      "dependencies": {
        "@rails/actioncable": "8.1.300",
        "@ruby/3.4-wasm-wasi": "2.10.1",
        "@ruby/wasm-wasi": "2.10.1",
        "yrby-wasm-client": "file:../../../../../packages/wasm-client",
        "ywasm": "0.28.0"
      }
    },
    "../../../../../packages/wasm-client": {
      "name": "yrby-wasm-client",
      "version": "0.1.0-experimental",
      "license": "MIT",
      "dependencies": {
        "lib0": "^0.2.117",
        "yrby-client": "file:../client"
      },
      "devDependencies": {
        "y-protocols": "^1.0.5",
        "yjs": "^13.6.0",
        "ywasm": "0.28.0"
      }
    },
    "node_modules/@bjorn3/browser_wasi_shim": {
      "version": "0.4.2",
      "resolved": "https://registry.npmjs.org/@bjorn3/browser_wasi_shim/-/browser_wasi_shim-0.4.2.tgz",
      "integrity": "sha512-/iHkCVUG3VbcbmEHn5iIUpIrh7a7WPiwZ3sHy4HZKZzBdSadwdddYDZAII2zBvQYV0Lfi8naZngPCN7WPHI/hA==",
      "license": "MIT OR Apache-2.0"
    },
    "node_modules/@rails/actioncable": {
      "version": "8.1.300",
      "resolved": "https://registry.npmjs.org/@rails/actioncable/-/actioncable-8.1.300.tgz",
      "integrity": "sha512-zOENQsq3NM2jyBY6Z2qtZa3V/R/6OEqA+LGKixQbBMl7kk/J3FXDRcszPe74LsHNgB01jCl/DXu/xA8sHt4I/g==",
      "license": "MIT"
    },
    "node_modules/@ruby/3.4-wasm-wasi": {
      "version": "2.10.1",
      "resolved": "https://registry.npmjs.org/@ruby/3.4-wasm-wasi/-/3.4-wasm-wasi-2.10.1.tgz",
      "integrity": "sha512-qrzIJ/7TGSpsZpFyLJb9OXO6TYAq18XoLd11We17Sr78hWpb5IGGFgMQ9A2Y8Ww5n0k8uKA/I8/P8MJdzlJX0Q==",
      "license": "MIT",
      "dependencies": {
        "@ruby/wasm-wasi": "^2.0.0"
      }
    },
    "node_modules/@ruby/wasm-wasi": {
      "version": "2.10.1",
      "resolved": "https://registry.npmjs.org/@ruby/wasm-wasi/-/wasm-wasi-2.10.1.tgz",
      "integrity": "sha512-OGSxxDraRq8alWQsWqDJQsaAavQwhwIVRkDozpPucjD1tUofMF6n99Y8Ia1bpDhOAXCwiNIHqhumfqFw0H0DZw==",
      "license": "MIT",
      "dependencies": {
        "@bjorn3/browser_wasi_shim": "^0.4.2",
        "tslib": "^2.8.1"
      }
    },
    "node_modules/tslib": {
      "version": "2.8.1",
      "resolved": "https://registry.npmjs.org/tslib/-/tslib-2.8.1.tgz",
      "integrity": "sha512-oJFu94HQb+KVduSUQL7wnpmqnfmLsOA/nAh6b6EH0wCEoK0/mPeXU6c3wKDV83MkOuHPRHtSXKKU99IBazS/2w==",
      "license": "0BSD"
    },
    "node_modules/yrby-wasm-client": {
      "resolved": "../../../../../packages/wasm-client",
      "link": true
    },
    "node_modules/ywasm": {
      "version": "0.28.0",
      "resolved": "https://registry.npmjs.org/ywasm/-/ywasm-0.28.0.tgz",
      "integrity": "sha512-xwaf5n+9aLwmyNRKuDtspN7CnPQhV/so7a1O9e+Xa9gXs+3Dv4uZz6MgXKDlHuCQj+2ZczBEcW5NTKgPnmG7qQ==",
      "license": "MIT"
    }
  }
}
